// !$*UTF8*$!
{
	archiveVersion = 1;
	classes = {
	};
	objectVersion = 46;
	objects = {

/* Begin PBXBuildFile section */
		5DDA678C1B77A7BF00A1D6ED /* main.m in Sources */ = {isa = PBXBuildFile; fileRef = 5DDA678B1B77A7BF00A1D6ED /* main.m */; };
		5DDA678F1B77A7BF00A1D6ED /* AppDelegate.m in Sources */ = {isa = PBXBuildFile; fileRef = 5DDA678E1B77A7BF00A1D6ED /* AppDelegate.m */; };
		5DDA67951B77A7BF00A1D6ED /* Main.storyboard in Resources */ = {isa = PBXBuildFile; fileRef = 5DDA67931B77A7BF00A1D6ED /* Main.storyboard */; };
		5DDA67971B77A7BF00A1D6ED /* Images.xcassets in Resources */ = {isa = PBXBuildFile; fileRef = 5DDA67961B77A7BF00A1D6ED /* Images.xcassets */; };
		5DDA679A1B77A7BF00A1D6ED /* LaunchScreen.xib in Resources */ = {isa = PBXBuildFile; fileRef = 5DDA67981B77A7BF00A1D6ED /* LaunchScreen.xib */; };
		5DDA67A61B77A7C000A1D6ED /* _8_09_2015Tests.m in Sources */ = {isa = PBXBuildFile; fileRef = 5DDA67A51B77A7C000A1D6ED /* _8_09_2015Tests.m */; };
		5DDA67B11B79071400A1D6ED /* CQColorTableViewController.m in Sources */ = {isa = PBXBuildFile; fileRef = 5DDA67B01B79071400A1D6ED /* CQColorTableViewController.m */; };
		5DDA67B41B790A6C00A1D6ED /* CQColorPickerViewController.m in Sources */ = {isa = PBXBuildFile; fileRef = 5DDA67B31B790A6C00A1D6ED /* CQColorPickerViewController.m */; };
/* End PBXBuildFile section */

/* Begin PBXContainerItemProxy section */
		5DDA67A01B77A7BF00A1D6ED /* PBXContainerItemProxy */ = {
			isa = PBXContainerItemProxy;
			containerPortal = 5DDA677E1B77A7BF00A1D6ED /* Project object */;
			proxyType = 1;
			remoteGlobalIDString = 5DDA67851B77A7BF00A1D6ED;
			remoteInfo = "08-09-2015";
		};
/* End PBXContainerItemProxy section */

/* Begin PBXFileReference section */
		5DDA67861B77A7BF00A1D6ED /* 08-09-2015.app */ = {isa = PBXFileReference; explicitFileType = wrapper.application; includeInIndex = 0; path = "08-09-2015.app"; sourceTree = BUILT_PRODUCTS_DIR; };
		5DDA678A1B77A7BF00A1D6ED /* Info.plist */ = {isa = PBXFileReference; lastKnownFileType = text.plist.xml; path = Info.plist; sourceTree = "<group>"; };
		5DDA678B1B77A7BF00A1D6ED /* main.m */ = {isa = PBXFileReference; lastKnownFileType = sourcecode.c.objc; path = main.m; sourceTree = "<group>"; };
		5DDA678D1B77A7BF00A1D6ED /* AppDelegate.h */ = {isa = PBXFileReference; lastKnownFileType = sourcecode.c.h; path = AppDelegate.h; sourceTree = "<group>"; };
		5DDA678E1B77A7BF00A1D6ED /* AppDelegate.m */ = {isa = PBXFileReference; lastKnownFileType = sourcecode.c.objc; path = AppDelegate.m; sourceTree = "<group>"; };
		5DDA67941B77A7BF00A1D6ED /* Base */ = {isa = PBXFileReference; lastKnownFileType = file.storyboard; name = Base; path = Base.lproj/Main.storyboard; sourceTree = "<group>"; };
		5DDA67961B77A7BF00A1D6ED /* Images.xcassets */ = {isa = PBXFileReference; lastKnownFileType = folder.assetcatalog; path = Images.xcassets; sourceTree = "<group>"; };
		5DDA67991B77A7BF00A1D6ED /* Base */ = {isa = PBXFileReference; lastKnownFileType = file.xib; name = Base; path = Base.lproj/LaunchScreen.xib; sourceTree = "<group>"; };
		5DDA679F1B77A7BF00A1D6ED /* 08-09-2015Tests.xctest */ = {isa = PBXFileReference; explicitFileType = wrapper.cfbundle; includeInIndex = 0; path = "08-09-2015Tests.xctest"; sourceTree = BUILT_PRODUCTS_DIR; };
		5DDA67A41B77A7C000A1D6ED /* Info.plist */ = {isa = PBXFileReference; lastKnownFileType = text.plist.xml; path = Info.plist; sourceTree = "<group>"; };
		5DDA67A51B77A7C000A1D6ED /* _8_09_2015Tests.m */ = {isa = PBXFileReference; lastKnownFileType = sourcecode.c.objc; path = _8_09_2015Tests.m; sourceTree = "<group>"; };
		5DDA67AF1B79071400A1D6ED /* CQColorTableViewController.h */ = {isa = PBXFileReference; fileEncoding = 4; lastKnownFileType = sourcecode.c.h; path = CQColorTableViewController.h; sourceTree = "<group>"; };
		5DDA67B01B79071400A1D6ED /* CQColorTableViewController.m */ = {isa = PBXFileReference; fileEncoding = 4; lastKnownFileType = sourcecode.c.objc; path = CQColorTableViewController.m; sourceTree = "<group>"; };
		5DDA67B21B790A6C00A1D6ED /* CQColorPickerViewController.h */ = {isa = PBXFileReference; fileEncoding = 4; lastKnownFileType = sourcecode.c.h; path = CQColorPickerViewController.h; sourceTree = "<group>"; };
		5DDA67B31B790A6C00A1D6ED /* CQColorPickerViewController.m */ = {isa = PBXFileReference; fileEncoding = 4; lastKnownFileType = sourcecode.c.objc; path = CQColorPickerViewController.m; sourceTree = "<group>"; };
		5DDA67B51B79112900A1D6ED /* CQColorPickerViewControllerDelegate.h */ = {isa = PBXFileReference; fileEncoding = 4; lastKnownFileType = sourcecode.c.h; path = CQColorPickerViewControllerDelegate.h; sourceTree = "<group>"; };
/* End PBXFileReference section */

/* Begin PBXFrameworksBuildPhase section */
		5DDA67831B77A7BF00A1D6ED /* Frameworks */ = {
			isa = PBXFrameworksBuildPhase;
			buildActionMask = 2147483647;
			files = (
			);
			runOnlyForDeploymentPostprocessing = 0;
		};
		5DDA679C1B77A7BF00A1D6ED /* Frameworks */ = {
			isa = PBXFrameworksBuildPhase;
			buildActionMask = 2147483647;
			files = (
			);
			runOnlyForDeploymentPostprocessing = 0;
		};
/* End PBXFrameworksBuildPhase section */

/* Begin PBXGroup section */
		5DDA677D1B77A7BF00A1D6ED = {
			isa = PBXGroup;
			children = (
				5DDA67881B77A7BF00A1D6ED /* 08-09-2015 */,
				5DDA67A21B77A7BF00A1D6ED /* 08-09-2015Tests */,
				5DDA67871B77A7BF00A1D6ED /* Products */,
			);
			sourceTree = "<group>";
		};
		5DDA67871B77A7BF00A1D6ED /* Products */ = {
			isa = PBXGroup;
			children = (
				5DDA67861B77A7BF00A1D6ED /* 08-09-2015.app */,
				5DDA679F1B77A7BF00A1D6ED /* 08-09-2015Tests.xctest */,
			);
			name = Products;
			sourceTree = "<group>";
		};
		5DDA67881B77A7BF00A1D6ED /* 08-09-2015 */ = {
			isa = PBXGroup;
			children = (
				5DDA678D1B77A7BF00A1D6ED /* AppDelegate.h */,
				5DDA678E1B77A7BF00A1D6ED /* AppDelegate.m */,
				5DDA67AF1B79071400A1D6ED /* CQColorTableViewController.h */,
				5DDA67B01B79071400A1D6ED /* CQColorTableViewController.m */,
				5DDA67B21B790A6C00A1D6ED /* CQColorPickerViewController.h */,
				5DDA67B31B790A6C00A1D6ED /* CQColorPickerViewController.m */,
				5DDA67B51B79112900A1D6ED /* CQColorPickerViewControllerDelegate.h */,
				5DDA67931B77A7BF00A1D6ED /* Main.storyboard */,
				5DDA67961B77A7BF00A1D6ED /* Images.xcassets */,
				5DDA67981B77A7BF00A1D6ED /* LaunchScreen.xib */,
				5DDA67891B77A7BF00A1D6ED /* Supporting Files */,
			);
			path = "08-09-2015";
			sourceTree = "<group>";
		};
		5DDA67891B77A7BF00A1D6ED /* Supporting Files */ = {
			isa = PBXGroup;
			children = (
				5DDA678A1B77A7BF00A1D6ED /* Info.plist */,
				5DDA678B1B77A7BF00A1D6ED /* main.m */,
			);
			name = "Supporting Files";
			sourceTree = "<group>";
		};
		5DDA67A21B77A7BF00A1D6ED /* 08-09-2015Tests */ = {
			isa = PBXGroup;
			children = (
				5DDA67A51B77A7C000A1D6ED /* _8_09_2015Tests.m */,
				5DDA67A31B77A7C000A1D6ED /* Supporting Files */,
			);
			path = "08-09-2015Tests";
			sourceTree = "<group>";
		};
		5DDA67A31B77A7C000A1D6ED /* Supporting Files */ = {
			isa = PBXGroup;
			children = (
				5DDA67A41B77A7C000A1D6ED /* Info.plist */,
			);
			name = "Supporting Files";
			sourceTree = "<group>";
		};
/* End PBXGroup section */

/* Begin PBXNativeTarget section */
		5DDA67851B77A7BF00A1D6ED /* 08-09-2015 */ = {
			isa = PBXNativeTarget;
			buildConfigurationList = 5DDA67A91B77A7C000A1D6ED /* Build configuration list for PBXNativeTarget "08-09-2015" */;
			buildPhases = (
				5DDA67821B77A7BF00A1D6ED /* Sources */,
				5DDA67831B77A7BF00A1D6ED /* Frameworks */,
				5DDA67841B77A7BF00A1D6ED /* Resources */,
			);
			buildRules = (
			);
			dependencies = (
			);
			name = "08-09-2015";
			productName = "08-09-2015";
			productReference = 5DDA67861B77A7BF00A1D6ED /* 08-09-2015.app */;
			productType = "com.apple.product-type.application";
		};
		5DDA679E1B77A7BF00A1D6ED /* 08-09-2015Tests */ = {
			isa = PBXNativeTarget;
			buildConfigurationList = 5DDA67AC1B77A7C000A1D6ED /* Build configuration list for PBXNativeTarget "08-09-2015Tests" */;
			buildPhases = (
				5DDA679B1B77A7BF00A1D6ED /* Sources */,
				5DDA679C1B77A7BF00A1D6ED /* Frameworks */,
				5DDA679D1B77A7BF00A1D6ED /* Resources */,
			);
			buildRules = (
			);
			dependencies = (
				5DDA67A11B77A7BF00A1D6ED /* PBXTargetDependency */,
			);
			name = "08-09-2015Tests";
			productName = "08-09-2015Tests";
			productReference = 5DDA679F1B77A7BF00A1D6ED /* 08-09-2015Tests.xctest */;
			productType = "com.apple.product-type.bundle.unit-test";
		};
/* End PBXNativeTarget section */

/* Begin PBXProject section */
		5DDA677E1B77A7BF00A1D6ED /* Project object */ = {
			isa = PBXProject;
			attributes = {
				LastUpgradeCheck = 0630;
				ORGANIZATIONNAME = "Jackie Meggesto";
				TargetAttributes = {
					5DDA67851B77A7BF00A1D6ED = {
						CreatedOnToolsVersion = 6.3.2;
					};
					5DDA679E1B77A7BF00A1D6ED = {
						CreatedOnToolsVersion = 6.3.2;
						TestTargetID = 5DDA67851B77A7BF00A1D6ED;
					};
				};
			};
			buildConfigurationList = 5DDA67811B77A7BF00A1D6ED /* Build configuration list for PBXProject "08-09-2015" */;
			compatibilityVersion = "Xcode 3.2";
			developmentRegion = English;
			hasScannedForEncodings = 0;
			knownRegions = (
				en,
				Base,
			);
			mainGroup = 5DDA677D1B77A7BF00A1D6ED;
			productRefGroup = 5DDA67871B77A7BF00A1D6ED /* Products */;
			projectDirPath = "";
			projectRoot = "";
			targets = (
				5DDA67851B77A7BF00A1D6ED /* 08-09-2015 */,
				5DDA679E1B77A7BF00A1D6ED /* 08-09-2015Tests */,
			);
		};
/* End PBXProject section */

/* Begin PBXResourcesBuildPhase section */
		5DDA67841B77A7BF00A1D6ED /* Resources */ = {
			isa = PBXResourcesBuildPhase;
			buildActionMask = 2147483647;
			files = (
				5DDA67951B77A7BF00A1D6ED /* Main.storyboard in Resources */,
				5DDA679A1B77A7BF00A1D6ED /* LaunchScreen.xib in Resources */,
				5DDA67971B77A7BF00A1D6ED /* Images.xcassets in Resources */,
			);
			runOnlyForDeploymentPostprocessing = 0;
		};
		5DDA679D1B77A7BF00A1D6ED /* Resources */ = {
			isa = PBXResourcesBuildPhase;
			buildActionMask = 2147483647;
			files = (
			);
			runOnlyForDeploymentPostprocessing = 0;
		};
/* End PBXResourcesBuildPhase section */

/* Begin PBXSourcesBuildPhase section */
		5DDA67821B77A7BF00A1D6ED /* Sources */ = {
			isa = PBXSourcesBuildPhase;
			buildActionMask = 2147483647;
			files = (
				5DDA67B41B790A6C00A1D6ED /* CQColorPickerViewController.m in Sources */,
				5DDA678F1B77A7BF00A1D6ED /* AppDelegate.m in Sources */,
				5DDA678C1B77A7BF00A1D6ED /* main.m in Sources */,
				5DDA67B11B79071400A1D6ED /* CQColorTableViewController.m in Sources */,
			);
			runOnlyForDeploymentPostprocessing = 0;
		};
		5DDA679B1B77A7BF00A1D6ED /* Sources */ = {
			isa = PBXSourcesBuildPhase;
			buildActionMask = 2147483647;
			files = (
				5DDA67A61B77A7C000A1D6ED /* _8_09_2015Tests.m in Sources */,
			);
			runOnlyForDeploymentPostprocessing = 0;
		};
/* End PBXSourcesBuildPhase section */

/* Begin PBXTargetDependency section */
		5DDA67A11B77A7BF00A1D6ED /* PBXTargetDependency */ = {
			isa = PBXTargetDependency;
			target = 5DDA67851B77A7BF00A1D6ED /* 08-09-2015 */;
			targetProxy = 5DDA67A01B77A7BF00A1D6ED /* PBXContainerItemProxy */;
		};
/* End PBXTargetDependency section */

/* Begin PBXVariantGroup section */
		5DDA67931B77A7BF00A1D6ED /* Main.storyboard */ = {
			isa = PBXVariantGroup;
			children = (
				5DDA67941B77A7BF00A1D6ED /* Base */,
			);
			name = Main.storyboard;
			sourceTree = "<group>";
		};
		5DDA67981B77A7BF00A1D6ED /* LaunchScreen.xib */ = {
			isa = PBXVariantGroup;
			children = (
				5DDA67991B77A7BF00A1D6ED /* Base */,
			);
			name = LaunchScreen.xib;
			sourceTree = "<group>";
		};
/* End PBXVariantGroup section */

/* Begin XCBuildConfiguration section */
		5DDA67A71B77A7C000A1D6ED /* Debug */ = {
			isa = XCBuildConfiguration;
			buildSettings = {
				ALWAYS_SEARCH_USER_PATHS = NO;
				CLANG_CXX_LANGUAGE_STANDARD = "gnu++0x";
				CLANG_CXX_LIBRARY = "libc++";
				CLANG_ENABLE_MODULES = YES;
				CLANG_ENABLE_OBJC_ARC = YES;
				CLANG_WARN_BOOL_CONVERSION = YES;
				CLANG_WARN_CONSTANT_CONVERSION = YES;
				CLANG_WARN_DIRECT_OBJC_ISA_USAGE = YES_ERROR;
				CLANG_WARN_EMPTY_BODY = YES;
				CLANG_WARN_ENUM_CONVERSION = YES;
				CLANG_WARN_INT_CONVERSION = YES;
				CLANG_WARN_OBJC_ROOT_CLASS = YES_ERROR;
				CLANG_WARN_UNREACHABLE_CODE = YES;
				CLANG_WARN__DUPLICATE_METHOD_MATCH = YES;
				"CODE_SIGN_IDENTITY[sdk=iphoneos*]" = "iPhone Developer";
				COPY_PHASE_STRIP = NO;
				DEBUG_INFORMATION_FORMAT = "dwarf-with-dsym";
				ENABLE_STRICT_OBJC_MSGSEND = YES;
				GCC_C_LANGUAGE_STANDARD = gnu99;
				GCC_DYNAMIC_NO_PIC = NO;
				GCC_NO_COMMON_BLOCKS = YES;
				GCC_OPTIMIZATION_LEVEL = 0;
				GCC_PREPROCESSOR_DEFINITIONS = (
					"DEBUG=1",
					"$(inherited)",
				);
				GCC_SYMBOLS_PRIVATE_EXTERN = NO;
				GCC_WARN_64_TO_32_BIT_CONVERSION = YES;
				GCC_WARN_ABOUT_RETURN_TYPE = YES_ERROR;
				GCC_WARN_UNDECLARED_SELECTOR = YES;
				GCC_WARN_UNINITIALIZED_AUTOS = YES_AGGRESSIVE;
				GCC_WARN_UNUSED_FUNCTION = YES;
				GCC_WARN_UNUSED_VARIABLE = YES;
				IPHONEOS_DEPLOYMENT_TARGET = 8.3;
				MTL_ENABLE_DEBUG_INFO = YES;
				ONLY_ACTIVE_ARCH = YES;
				SDKROOT = iphoneos;
			};
			name = Debug;
		};
		5DDA67A81B77A7C000A1D6ED /* Release */ = {
			isa = XCBuildConfiguration;
			buildSettings = {
				ALWAYS_SEARCH_USER_PATHS = NO;
				CLANG_CXX_LANGUAGE_STANDARD = "gnu++0x";
				CLANG_CXX_LIBRARY = "libc++";
				CLANG_ENABLE_MODULES = YES;
				CLANG_ENABLE_OBJC_ARC = YES;
				CLANG_WARN_BOOL_CONVERSION = YES;
				CLANG_WARN_CONSTANT_CONVERSION = YES;
				CLANG_WARN_DIRECT_OBJC_ISA_USAGE = YES_ERROR;
				CLANG_WARN_EMPTY_BODY = YES;
				CLANG_WARN_ENUM_CONVERSION = YES;
				CLANG_WARN_INT_CONVERSION = YES;
				CLANG_WARN_OBJC_ROOT_CLASS = YES_ERROR;
				CLANG_WARN_UNREACHABLE_CODE = YES;
				CLANG_WARN__DUPLICATE_METHOD_MATCH = YES;
				"CODE_SIGN_IDENTITY[sdk=iphoneos*]" = "iPhone Developer";
				COPY_PHASE_STRIP = NO;
				DEBUG_INFORMATION_FORMAT = "dwarf-with-dsym";
				ENABLE_NS_ASSERTIONS = NO;
				ENABLE_STRICT_OBJC_MSGSEND = YES;
				GCC_C_LANGUAGE_STANDARD = gnu99;
				GCC_NO_COMMON_BLOCKS = YES;
				GCC_WARN_64_TO_32_BIT_CONVERSION = YES;
				GCC_WARN_ABOUT_RETURN_TYPE = YES_ERROR;
				GCC_WARN_UNDECLARED_SELECTOR = YES;
				GCC_WARN_UNINITIALIZED_AUTOS = YES_AGGRESSIVE;
				GCC_WARN_UNUSED_FUNCTION = YES;
				GCC_WARN_UNUSED_VARIABLE = YES;
				IPHONEOS_DEPLOYMENT_TARGET = 8.3;
				MTL_ENABLE_DEBUG_INFO = NO;
				SDKROOT = iphoneos;
				VALIDATE_PRODUCT = YES;
			};
			name = Release;
		};
		5DDA67AA1B77A7C000A1D6ED /* Debug */ = {
			isa = XCBuildConfiguration;
			buildSettings = {
				ASSETCATALOG_COMPILER_APPICON_NAME = AppIcon;
				INFOPLIST_FILE = "08-09-2015/Info.plist";
				LD_RUNPATH_SEARCH_PATHS = "$(inherited) @executable_path/Frameworks";
				PRODUCT_NAME = "$(TARGET_NAME)";
			};
			name = Debug;
		};
		5DDA67AB1B77A7C000A1D6ED /* Release */ = {
			isa = XCBuildConfiguration;
			buildSettings = {
				ASSETCATALOG_COMPILER_APPICON_NAME = AppIcon;
				INFOPLIST_FILE = "08-09-2015/Info.plist";
				LD_RUNPATH_SEARCH_PATHS = "$(inherited) @executable_path/Frameworks";
				PRODUCT_NAME = "$(TARGET_NAME)";
			};
			name = Release;
		};
		5DDA67AD1B77A7C000A1D6ED /* Debug */ = {
			isa = XCBuildConfiguration;
			buildSettings = {
				BUNDLE_LOADER = "$(TEST_HOST)";
				FRAMEWORK_SEARCH_PATHS = (
					"$(SDKROOT)/Developer/Library/Frameworks",
					"$(inherited)",
				);
				GCC_PREPROCESSOR_DEFINITIONS = (
					"DEBUG=1",
					"$(inherited)",
				);
				INFOPLIST_FILE = "08-09-2015Tests/Info.plist";
				LD_RUNPATH_SEARCH_PATHS = "$(inherited) @executable_path/Frameworks @loader_path/Frameworks";
				PRODUCT_NAME = "$(TARGET_NAME)";
				TEST_HOST = "$(BUILT_PRODUCTS_DIR)/08-09-2015.app/08-09-2015";
			};
			name = Debug;
		};
		5DDA67AE1B77A7C000A1D6ED /* Release */ = {
			isa = XCBuildConfiguration;
			buildSettings = {
				BUNDLE_LOADER = "$(TEST_HOST)";
				FRAMEWORK_SEARCH_PATHS = (
					"$(SDKROOT)/Developer/Library/Frameworks",
					"$(inherited)",
				);
				INFOPLIST_FILE = "08-09-2015Tests/Info.plist";
				LD_RUNPATH_SEARCH_PATHS = "$(inherited) @executable_path/Frameworks @loader_path/Frameworks";
				PRODUCT_NAME = "$(TARGET_NAME)";
				TEST_HOST = "$(BUILT_PRODUCTS_DIR)/08-09-2015.app/08-09-2015";
			};
			name = Release;
		};
/* End XCBuildConfiguration section */

/* Begin XCConfigurationList section */
		5DDA67811B77A7BF00A1D6ED /* Build configuration list for PBXProject "08-09-2015" */ = {
			isa = XCConfigurationList;
			buildConfigurations = (
				5DDA67A71B77A7C000A1D6ED /* Debug */,
				5DDA67A81B77A7C000A1D6ED /* Release */,
			);
			defaultConfigurationIsVisible = 0;
			defaultConfigurationName = Release;
		};
		5DDA67A91B77A7C000A1D6ED /* Build configuration list for PBXNativeTarget "08-09-2015" */ = {
			isa = XCConfigurationList;
			buildConfigurations = (
				5DDA67AA1B77A7C000A1D6ED /* Debug */,
				5DDA67AB1B77A7C000A1D6ED /* Release */,
			);
			defaultConfigurationIsVisible = 0;
			defaultConfigurationName = Release;
		};
		5DDA67AC1B77A7C000A1D6ED /* Build configuration list for PBXNativeTarget "08-09-2015Tests" */ = {
			isa = XCConfigurationList;
			buildConfigurations = (
				5DDA67AD1B77A7C000A1D6ED /* Debug */,
				5DDA67AE1B77A7C000A1D6ED /* Release */,
			);
			defaultConfigurationIsVisible = 0;
			defaultConfigurationName = Release;
		};
/* End XCConfigurationList section */
	};
	rootObject = 5DDA677E1B77A7BF00A1D6ED /* Project object */;
}
